
Microsoft Visual Studio Solution File, Format Version 12.00
# Visual Studio Version 17
VisualStudioVersion = 17.7.34009.444
MinimumVisualStudioVersion = 10.0.40219.1
Project("{FAE04EC0-301F-11D3-BF4B-00C04F79EFBC}") = "ConsoleApp4", "ConsoleApp4\ConsoleApp4.csproj", "{E3EDEB00-0D8F-4DA3-A557-7A8B03DFCAAE}"
EndProject
Project("{FAE04EC0-301F-11D3-BF4B-00C04F79EFBC}") = "ClassLibrary1", "ClassLibrary1\ClassLibrary1.csproj", "{BDB77340-C65B-429D-A808-B82FC36817D5}"
EndProject
Global
	GlobalSection(SolutionConfigurationPlatforms) = preSolution
		Debug|Any CPU = Debug|Any CPU
		Release|Any CPU = Release|Any CPU
	EndGlobalSection
	GlobalSection(ProjectConfigurationPlatforms) = postSolution
		{E3EDEB00-0D8F-4DA3-A557-7A8B03DFCAAE}.Debug|Any CPU.ActiveCfg = Debug|Any CPU
		{E3EDEB00-0D8F-4DA3-A557-7A8B03DFCAAE}.Debug|Any CPU.Build.0 = Debug|Any CPU
		{E3EDEB00-0D8F-4DA3-A557-7A8B03DFCAAE}.Release|Any CPU.ActiveCfg = Release|Any CPU
		{E3EDEB00-0D8F-4DA3-A557-7A8B03DFCAAE}.Release|Any CPU.Build.0 = Release|Any CPU
		{BDB77340-C65B-429D-A808-B82FC36817D5}.Debug|Any CPU.ActiveCfg = Debug|Any CPU
		{BDB77340-C65B-429D-A808-B82FC36817D5}.Debug|Any CPU.Build.0 = Debug|Any CPU
		{BDB77340-C65B-429D-A808-B82FC36817D5}.Release|Any CPU.ActiveCfg = Release|Any CPU
		{BDB77340-C65B-429D-A808-B82FC36817D5}.Release|Any CPU.Build.0 = Release|Any CPU
	EndGlobalSection
	GlobalSection(SolutionProperties) = preSolution
		HideSolutionNode = FALSE
	EndGlobalSection
	GlobalSection(ExtensibilityGlobals) = postSolution
		SolutionGuid = {B2FDDB9F-63BB-43E2-B967-45F388EF2B9C}
	EndGlobalSection
EndGlobal
